
Microsoft Visual Studio Solution File, Format Version 12.00
# Visual Studio 15
VisualStudioVersion = 15.0.28307.1082
MinimumVisualStudioVersion = 10.0.40219.1
Project("{FAE04EC0-301F-11D3-BF4B-00C04F79EFBC}") = "The-Seller", "The-Seller\The-Seller.csproj", "{A2EEF0C6-FACF-4C77-B23F-89BF04848C0F}"
EndProject
Global
	GlobalSection(SolutionConfigurationPlatforms) = preSolution
		Debug|Any CPU = Debug|Any CPU
		Release|Any CPU = Release|Any CPU
	EndGlobalSection
	GlobalSection(ProjectConfigurationPlatforms) = postSolution
		{A2EEF0C6-FACF-4C77-B23F-89BF04848C0F}.Debug|Any CPU.ActiveCfg = Debug|Any CPU
		{A2EEF0C6-FACF-4C77-B23F-89BF04848C0F}.Debug|Any CPU.Build.0 = Debug|Any CPU
		{A2EEF0C6-FACF-4C77-B23F-89BF04848C0F}.Release|Any CPU.ActiveCfg = Release|Any CPU
		{A2EEF0C6-FACF-4C77-B23F-89BF04848C0F}.Release|Any CPU.Build.0 = Release|Any CPU
	EndGlobalSection
	GlobalSection(SolutionProperties) = preSolution
		HideSolutionNode = FALSE
	EndGlobalSection
	GlobalSection(ExtensibilityGlobals) = postSolution
		SolutionGuid = {98046894-4CA3-4E68-BEDF-BC8FE0E24C5B}
	EndGlobalSection
EndGlobal
